
Microsoft Visual Studio Solution File, Format Version 12.00
# Visual Studio Version 17
VisualStudioVersion = 17.6.33606.364
MinimumVisualStudioVersion = 15.0.26124.0
Project("{FAE04EC0-301F-11D3-BF4B-00C04F79EFBC}") = "SvgBuild.Console", "SvgBuild.Console\SvgBuild.Console.csproj", "{58CACAD5-C969-4FC2-AF3B-68805FFC40FD}"
EndProject
Project("{FAE04EC0-301F-11D3-BF4B-00C04F79EFBC}") = "SvgBuild", "SvgBuild\SvgBuild.csproj", "{55124E18-F228-49A7-9560-A85E36A27EE2}"
EndProject
Project("{FAE04EC0-301F-11D3-BF4B-00C04F79EFBC}") = "SvgBuild.Tests", "SvgBuild.Tests\SvgBuild.Tests.csproj", "{3E3BE023-2CC1-4021-B8F8-BD983E0E26F1}"
EndProject
Project("{FAE04EC0-301F-11D3-BF4B-00C04F79EFBC}") = "SvgBuild.MsBuild", "SvgBuild.MsBuild\SvgBuild.MsBuild.csproj", "{A5082FDD-8A74-4E24-AD1E-F489D958993A}"
EndProject
Project("{2150E333-8FDC-42A3-9474-1A3956D46DE8}") = ".github", ".github", "{F85DCE90-B666-4241-98C9-40901A33E2B6}"
EndProject
Project("{2150E333-8FDC-42A3-9474-1A3956D46DE8}") = "workflows", "workflows", "{5135CDDC-8614-424B-8873-0F6E558B2940}"
	ProjectSection(SolutionItems) = preProject
		.github\workflows\main.yml = .github\workflows\main.yml
	EndProjectSection
EndProject
Project("{2150E333-8FDC-42A3-9474-1A3956D46DE8}") = "Solution Items", "Solution Items", "{9CB48BF0-B2A3-48AE-AFA6-5193EB29F914}"
	ProjectSection(SolutionItems) = preProject
		.editorconfig = .editorconfig
		Readme.md = Readme.md
	EndProjectSection
EndProject
Project("{2150E333-8FDC-42A3-9474-1A3956D46DE8}") = "SvgBuild.MsBuild.IntegrationTest", "SvgBuild.MsBuild.IntegrationTest", "{76094179-AC23-4B14-A711-984842122BAB}"
	ProjectSection(SolutionItems) = preProject
		SvgBuild.MsBuild.IntegrationTest\packages.config = SvgBuild.MsBuild.IntegrationTest\packages.config
		SvgBuild.MsBuild.IntegrationTest\Run-IntegrationTest.ps1 = SvgBuild.MsBuild.IntegrationTest\Run-IntegrationTest.ps1
		SvgBuild.MsBuild.IntegrationTest\SvgBuild.MsBuild.IntegrationTest.csproj = SvgBuild.MsBuild.IntegrationTest\SvgBuild.MsBuild.IntegrationTest.csproj
	EndProjectSection
EndProject
Project("{2150E333-8FDC-42A3-9474-1A3956D46DE8}") = "Properties", "Properties", "{A5E9E81A-4B70-4206-8180-F98C8D459E55}"
	ProjectSection(SolutionItems) = preProject
		SvgBuild.MsBuild.IntegrationTest\Properties\AssemblyInfo.cs = SvgBuild.MsBuild.IntegrationTest\Properties\AssemblyInfo.cs
	EndProjectSection
EndProject
Global
	GlobalSection(SolutionConfigurationPlatforms) = preSolution
		Debug|Any CPU = Debug|Any CPU
		Release|Any CPU = Release|Any CPU
	EndGlobalSection
	GlobalSection(ProjectConfigurationPlatforms) = postSolution
		{58CACAD5-C969-4FC2-AF3B-68805FFC40FD}.Debug|Any CPU.ActiveCfg = Debug|Any CPU
		{58CACAD5-C969-4FC2-AF3B-68805FFC40FD}.Debug|Any CPU.Build.0 = Debug|Any CPU
		{58CACAD5-C969-4FC2-AF3B-68805FFC40FD}.Release|Any CPU.ActiveCfg = Release|Any CPU
		{58CACAD5-C969-4FC2-AF3B-68805FFC40FD}.Release|Any CPU.Build.0 = Release|Any CPU
		{55124E18-F228-49A7-9560-A85E36A27EE2}.Debug|Any CPU.ActiveCfg = Debug|Any CPU
		{55124E18-F228-49A7-9560-A85E36A27EE2}.Debug|Any CPU.Build.0 = Debug|Any CPU
		{55124E18-F228-49A7-9560-A85E36A27EE2}.Release|Any CPU.ActiveCfg = Release|Any CPU
		{55124E18-F228-49A7-9560-A85E36A27EE2}.Release|Any CPU.Build.0 = Release|Any CPU
		{3E3BE023-2CC1-4021-B8F8-BD983E0E26F1}.Debug|Any CPU.ActiveCfg = Debug|Any CPU
		{3E3BE023-2CC1-4021-B8F8-BD983E0E26F1}.Debug|Any CPU.Build.0 = Debug|Any CPU
		{3E3BE023-2CC1-4021-B8F8-BD983E0E26F1}.Release|Any CPU.ActiveCfg = Release|Any CPU
		{3E3BE023-2CC1-4021-B8F8-BD983E0E26F1}.Release|Any CPU.Build.0 = Release|Any CPU
		{A5082FDD-8A74-4E24-AD1E-F489D958993A}.Debug|Any CPU.ActiveCfg = Debug|Any CPU
		{A5082FDD-8A74-4E24-AD1E-F489D958993A}.Debug|Any CPU.Build.0 = Debug|Any CPU
		{A5082FDD-8A74-4E24-AD1E-F489D958993A}.Release|Any CPU.ActiveCfg = Release|Any CPU
		{A5082FDD-8A74-4E24-AD1E-F489D958993A}.Release|Any CPU.Build.0 = Release|Any CPU
	EndGlobalSection
	GlobalSection(SolutionProperties) = preSolution
		HideSolutionNode = FALSE
	EndGlobalSection
	GlobalSection(NestedProjects) = preSolution
		{5135CDDC-8614-424B-8873-0F6E558B2940} = {F85DCE90-B666-4241-98C9-40901A33E2B6}
		{A5E9E81A-4B70-4206-8180-F98C8D459E55} = {76094179-AC23-4B14-A711-984842122BAB}
	EndGlobalSection
    GlobalSection(ExtensibilityGlobals) = postSolution
        SolutionGuid = {0C613B42-FCB8-4DB0-ADD0-E5221416D39F}
    EndGlobalSection
EndGlobal
