
Microsoft Visual Studio Solution File, Format Version 12.00
# Visual Studio 15
VisualStudioVersion = 15.0.26124.0
MinimumVisualStudioVersion = 15.0.26124.0
Project("{FAE04EC0-301F-11D3-BF4B-00C04F79EFBC}") = "SvgBuild.Console", "SvgBuild.Console\SvgBuild.Console.csproj", "{1F308C56-0CD4-4A1B-9789-A5056AB2A0AE}"
EndProject
Project("{FAE04EC0-301F-11D3-BF4B-00C04F79EFBC}") = "SvgBuild", "SvgBuild\SvgBuild.csproj", "{EA4F44F0-1D28-4E18-B6A9-A403EF040214}"
EndProject
Project("{FAE04EC0-301F-11D3-BF4B-00C04F79EFBC}") = "SvgBuild.Tests", "SvgBuild.Tests\SvgBuild.Tests.csproj", "{332FE700-31F6-464B-8833-6431018AE78A}"
EndProject
Project("{FAE04EC0-301F-11D3-BF4B-00C04F79EFBC}") = "SvgBuild.MsBuild", "SvgBuild.MsBuild\SvgBuild.MsBuild.csproj", "{A5082FDD-8A74-4E24-AD1E-F489D958993A}"
EndProject
Project("{2150E333-8FDC-42A3-9474-1A3956D46DE8}") = ".github", ".github", "{F85DCE90-B666-4241-98C9-40901A33E2B6}"
EndProject
Project("{2150E333-8FDC-42A3-9474-1A3956D46DE8}") = "workflows", "workflows", "{5135CDDC-8614-424B-8873-0F6E558B2940}"
	ProjectSection(SolutionItems) = preProject
		.github\workflows\main.yml = .github\workflows\main.yml
	EndProjectSection
EndProject
Project("{2150E333-8FDC-42A3-9474-1A3956D46DE8}") = "Solution Items", "Solution Items", "{9CB48BF0-B2A3-48AE-AFA6-5193EB29F914}"
	ProjectSection(SolutionItems) = preProject
		.editorconfig = .editorconfig
		Readme.md = Readme.md
	EndProjectSection
EndProject
Project("{2150E333-8FDC-42A3-9474-1A3956D46DE8}") = "SvgBuild.MsBuild.IntegrationTest", "SvgBuild.MsBuild.IntegrationTest", "{76094179-AC23-4B14-A711-984842122BAB}"
	ProjectSection(SolutionItems) = preProject
		SvgBuild.MsBuild.IntegrationTest\packages.config = SvgBuild.MsBuild.IntegrationTest\packages.config
		SvgBuild.MsBuild.IntegrationTest\Run-IntegrationTest.ps1 = SvgBuild.MsBuild.IntegrationTest\Run-IntegrationTest.ps1
		SvgBuild.MsBuild.IntegrationTest\SvgBuild.MsBuild.IntegrationTest.csproj = SvgBuild.MsBuild.IntegrationTest\SvgBuild.MsBuild.IntegrationTest.csproj
	EndProjectSection
EndProject
Project("{2150E333-8FDC-42A3-9474-1A3956D46DE8}") = "Properties", "Properties", "{A5E9E81A-4B70-4206-8180-F98C8D459E55}"
	ProjectSection(SolutionItems) = preProject
		SvgBuild.MsBuild.IntegrationTest\Properties\AssemblyInfo.cs = SvgBuild.MsBuild.IntegrationTest\Properties\AssemblyInfo.cs
	EndProjectSection
EndProject
Global
	GlobalSection(SolutionConfigurationPlatforms) = preSolution
		Debug|Any CPU = Debug|Any CPU
		Release|Any CPU = Release|Any CPU
	EndGlobalSection
	GlobalSection(SolutionProperties) = preSolution
		HideSolutionNode = FALSE
	EndGlobalSection
	GlobalSection(ProjectConfigurationPlatforms) = postSolution
		{1F308C56-0CD4-4A1B-9789-A5056AB2A0AE}.Debug|Any CPU.ActiveCfg = Debug|Any CPU
		{1F308C56-0CD4-4A1B-9789-A5056AB2A0AE}.Debug|Any CPU.Build.0 = Debug|Any CPU
		{1F308C56-0CD4-4A1B-9789-A5056AB2A0AE}.Release|Any CPU.ActiveCfg = Release|Any CPU
		{1F308C56-0CD4-4A1B-9789-A5056AB2A0AE}.Release|Any CPU.Build.0 = Release|Any CPU
		{EA4F44F0-1D28-4E18-B6A9-A403EF040214}.Debug|Any CPU.ActiveCfg = Debug|Any CPU
		{EA4F44F0-1D28-4E18-B6A9-A403EF040214}.Debug|Any CPU.Build.0 = Debug|Any CPU
		{EA4F44F0-1D28-4E18-B6A9-A403EF040214}.Release|Any CPU.ActiveCfg = Release|Any CPU
		{EA4F44F0-1D28-4E18-B6A9-A403EF040214}.Release|Any CPU.Build.0 = Release|Any CPU
		{332FE700-31F6-464B-8833-6431018AE78A}.Debug|Any CPU.ActiveCfg = Debug|Any CPU
		{332FE700-31F6-464B-8833-6431018AE78A}.Debug|Any CPU.Build.0 = Debug|Any CPU
		{332FE700-31F6-464B-8833-6431018AE78A}.Release|Any CPU.ActiveCfg = Release|Any CPU
		{332FE700-31F6-464B-8833-6431018AE78A}.Release|Any CPU.Build.0 = Release|Any CPU
		{A5082FDD-8A74-4E24-AD1E-F489D958993A}.Debug|Any CPU.ActiveCfg = Debug|Any CPU
		{A5082FDD-8A74-4E24-AD1E-F489D958993A}.Debug|Any CPU.Build.0 = Debug|Any CPU
		{A5082FDD-8A74-4E24-AD1E-F489D958993A}.Release|Any CPU.ActiveCfg = Release|Any CPU
		{A5082FDD-8A74-4E24-AD1E-F489D958993A}.Release|Any CPU.Build.0 = Release|Any CPU
	EndGlobalSection
	GlobalSection(NestedProjects) = preSolution
		{5135CDDC-8614-424B-8873-0F6E558B2940} = {F85DCE90-B666-4241-98C9-40901A33E2B6}
		{A5E9E81A-4B70-4206-8180-F98C8D459E55} = {76094179-AC23-4B14-A711-984842122BAB}
	EndGlobalSection
EndGlobal
